<Solution>
  <Folder Name="/Solution Items/">
    <File Path=".mcp.json" />
    <File Path="AGENTS.md" />
    <File Path="azure-pipelines.yaml" />
    <File Path="CLAUDE.md" />
    <File Path="Directory.Build.targets" />
    <File Path="Directory.Packages.props" />
    <File Path="GitVersion.yml" />
    <File Path="README.md" />
  </Folder>
  <Project Path="Eveneum.ApplicationInsights/Eveneum.ApplicationInsights.csproj" />
  <Project Path="Eveneum.NewtonsoftJson/Eveneum.NewtonsoftJson.csproj" />
  <Project Path="Eveneum.Tests/Eveneum.Tests.csproj" />
  <Project Path="Eveneum/Eveneum.csproj" />
</Solution>
